
Microsoft Visual Studio Solution File, Format Version 12.00
# Visual Studio Version 16
VisualStudioVersion = 16.0.29102.190
MinimumVisualStudioVersion = 10.0.40219.1
Project("{FAE04EC0-301F-11D3-BF4B-00C04F79EFBC}") = "first_space", "first_space\first_space.csproj", "{A959264D-12BC-49CD-A15A-780355A90BD3}"
EndProject
Global
	GlobalSection(SolutionConfigurationPlatforms) = preSolution
		Debug|Any CPU = Debug|Any CPU
		Release|Any CPU = Release|Any CPU
	EndGlobalSection
	GlobalSection(ProjectConfigurationPlatforms) = postSolution
		{A959264D-12BC-49CD-A15A-780355A90BD3}.Debug|Any CPU.ActiveCfg = Debug|Any CPU
		{A959264D-12BC-49CD-A15A-780355A90BD3}.Debug|Any CPU.Build.0 = Debug|Any CPU
		{A959264D-12BC-49CD-A15A-780355A90BD3}.Release|Any CPU.ActiveCfg = Release|Any CPU
		{A959264D-12BC-49CD-A15A-780355A90BD3}.Release|Any CPU.Build.0 = Release|Any CPU
	EndGlobalSection
	GlobalSection(SolutionProperties) = preSolution
		HideSolutionNode = FALSE
	EndGlobalSection
	GlobalSection(ExtensibilityGlobals) = postSolution
		SolutionGuid = {1365E0C7-3E1A-4ADD-A026-C56C79FB237E}
	EndGlobalSection
EndGlobal
